
Microsoft Visual Studio Solution File, Format Version 12.00
# Visual Studio Version 17
VisualStudioVersion = 17.1.32414.318
MinimumVisualStudioVersion = 10.0.40219.1
Project("{9A19103F-16F7-4668-BE54-9A1E7A4F7556}") = "helix", "helix\helix.csproj", "{FA5EEC9E-036B-48C3-B34C-56EACFBAE954}"
EndProject
Global
	GlobalSection(SolutionConfigurationPlatforms) = preSolution
		Debug|Any CPU = Debug|Any CPU
		Release|Any CPU = Release|Any CPU
	EndGlobalSection
	GlobalSection(ProjectConfigurationPlatforms) = postSolution
		{FA5EEC9E-036B-48C3-B34C-56EACFBAE954}.Debug|Any CPU.ActiveCfg = Debug|Any CPU
		{FA5EEC9E-036B-48C3-B34C-56EACFBAE954}.Debug|Any CPU.Build.0 = Debug|Any CPU
		{FA5EEC9E-036B-48C3-B34C-56EACFBAE954}.Release|Any CPU.ActiveCfg = Release|Any CPU
		{FA5EEC9E-036B-48C3-B34C-56EACFBAE954}.Release|Any CPU.Build.0 = Release|Any CPU
	EndGlobalSection
	GlobalSection(SolutionProperties) = preSolution
		HideSolutionNode = FALSE
	EndGlobalSection
	GlobalSection(ExtensibilityGlobals) = postSolution
		SolutionGuid = {285CA39F-9D2D-479B-9673-030E4D5C04EC}
	EndGlobalSection
EndGlobal
